<?xml version="1.0" encoding="utf-8"?>
<Project ToolsVersion="4.0" xmlns="http://schemas.microsoft.com/developer/msbuild/2003">
  <ItemGroup>
    <Filter Include="Source Files">
      <UniqueIdentifier>{a6de3e65-70a9-4a9c-bb45-23336a74418a}</UniqueIdentifier>
      <Extensions>cpp;c;cxx;rc;def;r;odl;idl;hpj;bat</Extensions>
    </Filter>
    <Filter Include="Header Files">
      <UniqueIdentifier>{077e9072-52a3-4430-9876-da26645c3b4a}</UniqueIdentifier>
      <Extensions>h;hpp;hxx;hm;inl</Extensions>
    </Filter>
    <Filter Include="Resource Files">
      <UniqueIdentifier>{24a3fab9-55b0-42d9-909d-e856d38f8ee1}</UniqueIdentifier>
      <Extensions>ico;cur;bmp;dlg;rc2;rct;bin;rgs;gif;jpg;jpeg;jpe</Extensions>
    </Filter>
  </ItemGroup>
  <ItemGroup>
    <ClCompile Include="..\WindowsGPIBDriver.cpp">
      <Filter>Source Files</Filter>
    </ClCompile>
  </ItemGroup>
  <ItemGroup>
    <ClInclude Include="..\be_ac_ulb_gpib_WindowsGPIBDriver.h">
      <Filter>Header Files</Filter>
    </ClInclude>
    <ClInclude Include="..\stdgpib.h">
      <Filter>Header Files</Filter>
    </ClInclude>
  </ItemGroup>
  <ItemGroup>
    <Object Include="..\lib64\msvc\ni4882.obj">
      <Filter>Resource Files</Filter>
    </Object>
    <Object Include="..\lib32\msvc\ni4882.obj">
      <Filter>Resource Files</Filter>
    </Object>
  </ItemGroup>
</Project>